
Microsoft Visual Studio Solution File, Format Version 12.00
# Visual Studio 15
VisualStudioVersion = 15.0.28307.705
MinimumVisualStudioVersion = 10.0.40219.1
Project("{FAE04EC0-301F-11D3-BF4B-00C04F79EFBC}") = "BerlinClock", "BerlinClock.csproj", "{0451204D-BF86-43E1-B560-FC9AC830B9A9}"
EndProject
Project("{9A19103F-16F7-4668-BE54-9A1E7A4F7556}") = "BerlinClockTests", "BerlinClockTests\BerlinClockTests.csproj", "{1E839D01-595B-490B-A2AE-56E5DD49752D}"
EndProject
Global
	GlobalSection(SolutionConfigurationPlatforms) = preSolution
		Debug|Any CPU = Debug|Any CPU
		Release|Any CPU = Release|Any CPU
	EndGlobalSection
	GlobalSection(ProjectConfigurationPlatforms) = postSolution
		{0451204D-BF86-43E1-B560-FC9AC830B9A9}.Debug|Any CPU.ActiveCfg = Debug|Any CPU
		{0451204D-BF86-43E1-B560-FC9AC830B9A9}.Debug|Any CPU.Build.0 = Debug|Any CPU
		{0451204D-BF86-43E1-B560-FC9AC830B9A9}.Release|Any CPU.ActiveCfg = Release|Any CPU
		{0451204D-BF86-43E1-B560-FC9AC830B9A9}.Release|Any CPU.Build.0 = Release|Any CPU
		{1E839D01-595B-490B-A2AE-56E5DD49752D}.Debug|Any CPU.ActiveCfg = Debug|Any CPU
		{1E839D01-595B-490B-A2AE-56E5DD49752D}.Debug|Any CPU.Build.0 = Debug|Any CPU
		{1E839D01-595B-490B-A2AE-56E5DD49752D}.Release|Any CPU.ActiveCfg = Release|Any CPU
		{1E839D01-595B-490B-A2AE-56E5DD49752D}.Release|Any CPU.Build.0 = Release|Any CPU
	EndGlobalSection
	GlobalSection(SolutionProperties) = preSolution
		HideSolutionNode = FALSE
	EndGlobalSection
	GlobalSection(ExtensibilityGlobals) = postSolution
		SolutionGuid = {EB3B7F2B-7400-4F6C-A7D5-ECF062D69EDC}
	EndGlobalSection
EndGlobal
